<Solution>
  <Folder Name="/.github/" />
  <Folder Name="/.github/workflows/">
    <File Path=".github/workflows/build-and-publish.yml" />
  </Folder>
  <Folder Name="/.resources/">
    <File Path=".resources/icon.png" />
  </Folder>
  <Folder Name="/docs/">
    <File Path="LICENSE" />
    <File Path="README.md" />
  </Folder>
  <Folder Name="/src/">
    <Project Path="src/Maple.Result.Extensions.AspNetCore/Maple.Result.Extensions.AspNetCore.csproj" />
  </Folder>
  <Folder Name="/tests/">
    <Project Path="tests/Maple.Result.Extensions.AspNetCore.Tests.Functional/Maple.Result.Extensions.AspNetCore.Tests.Functional.csproj" Id="b342445a-4062-45d2-9dae-1b6bd5e6d6d0" />
    <Project Path="tests/Maple.Result.Extensions.AspNetCore.Tests.Unit/Maple.Result.Extensions.AspNetCore.Tests.Unit.csproj" />
  </Folder>
</Solution>
